
Microsoft Visual Studio Solution File, Format Version 12.00
# Visual Studio Version 17
VisualStudioVersion = 17.3.32901.215
MinimumVisualStudioVersion = 10.0.40219.1
Project("{9A19103F-16F7-4668-BE54-9A1E7A4F7556}") = "Klothing", "Klothing\Klothing.csproj", "{21B278BD-9B03-4C22-A6EA-6E89D3BA5C0D}"
EndProject
Global
	GlobalSection(SolutionConfigurationPlatforms) = preSolution
		Debug|Any CPU = Debug|Any CPU
		Release|Any CPU = Release|Any CPU
	EndGlobalSection
	GlobalSection(ProjectConfigurationPlatforms) = postSolution
		{21B278BD-9B03-4C22-A6EA-6E89D3BA5C0D}.Debug|Any CPU.ActiveCfg = Debug|Any CPU
		{21B278BD-9B03-4C22-A6EA-6E89D3BA5C0D}.Debug|Any CPU.Build.0 = Debug|Any CPU
		{21B278BD-9B03-4C22-A6EA-6E89D3BA5C0D}.Release|Any CPU.ActiveCfg = Release|Any CPU
		{21B278BD-9B03-4C22-A6EA-6E89D3BA5C0D}.Release|Any CPU.Build.0 = Release|Any CPU
	EndGlobalSection
	GlobalSection(SolutionProperties) = preSolution
		HideSolutionNode = FALSE
	EndGlobalSection
	GlobalSection(ExtensibilityGlobals) = postSolution
		SolutionGuid = {473B1EAF-2B01-48C0-9059-731554DB54BD}
	EndGlobalSection
EndGlobal
